
Microsoft Visual Studio Solution File, Format Version 12.00
# Visual Studio Version 16
VisualStudioVersion = 16.0.33328.57
MinimumVisualStudioVersion = 10.0.40219.1
Project("{FAE04EC0-301F-11D3-BF4B-00C04F79EFBC}") = "Formulário de Cálculo de Salário", "Formulário de Cálculo de Salário.csproj", "{7D3B6BFF-1523-44FC-9A68-4348DD036531}"
EndProject
Global
	GlobalSection(SolutionConfigurationPlatforms) = preSolution
		Debug|Any CPU = Debug|Any CPU
		Release|Any CPU = Release|Any CPU
	EndGlobalSection
	GlobalSection(ProjectConfigurationPlatforms) = postSolution
		{7D3B6BFF-1523-44FC-9A68-4348DD036531}.Debug|Any CPU.ActiveCfg = Debug|Any CPU
		{7D3B6BFF-1523-44FC-9A68-4348DD036531}.Debug|Any CPU.Build.0 = Debug|Any CPU
		{7D3B6BFF-1523-44FC-9A68-4348DD036531}.Release|Any CPU.ActiveCfg = Release|Any CPU
		{7D3B6BFF-1523-44FC-9A68-4348DD036531}.Release|Any CPU.Build.0 = Release|Any CPU
	EndGlobalSection
	GlobalSection(SolutionProperties) = preSolution
		HideSolutionNode = FALSE
	EndGlobalSection
	GlobalSection(ExtensibilityGlobals) = postSolution
		SolutionGuid = {624B6D9E-1D48-49FB-AF4B-C7AE313D4A11}
	EndGlobalSection
EndGlobal
